github.com/energye/systray v1.0.3 h1:XnyjJCeRU5z00bpNOic2fGTKz/7yHZMZjWiGIVXDS+4=
github.com/energye/systray v1.0.3/go.mod h1:HelKhC3PXwv3ryDxbuQqV+7kAxAYNzE5cfdrerGOZTc=
github.com/godbus/dbus/v5 v5.1.0 h1:4KLkAxT3aOY8Li4FRJe/KvhoNFFxo0m6fNuFUO8QJUk=
github.com/godbus/dbus/v5 v5.1.0/go.mod h1:xhWf0FNVPg57R7Z0UbKHbJfkEywrmjJnf7w5xrFpKfA=
github.com/gorilla/websocket v1.5.3 h1:saDtZ6Pbx/0u+bgYQ3q96pZgCzfhKXGPqt7kZ72aNNg=
github.com/gorilla/websocket v1.5.3/go.mod h1:YR8l580nyteQvAITg2hZ9XVh4b55+EU/adAjf1fMHhE=
github.com/sstallion/go-hid v0.15.0 h1:WERW/VW3Us6N73V2qa7HjdqWQvwHd0CoRDOP/N707/w=
github.com/sstallion/go-hid v0.15.0/go.mod h1:fPKp4rqx0xuoTV94gwKojsPG++KNKhxuU88goGuGM7I=
go.bug.st/serial v1.8.0 h1:ZtnmN8aYXtPlTghwSvDWPHKBHL9TM6oFDa+KpSn4SQE=
go.bug.st/serial v1.8.0/go.mod h1:d0MmS16Qt9b1m06yoYRNUXhRRTJV5Qg2S5EKqQtnayQ=
golang.org/x/sys v0.43.0 h1:Rlag2XtaFTxp19wS8MXlJwTvoh8ArU6ezoyFsMyCTNI=
golang.org/x/sys v0.43.0/go.mod h1:4GL1E5IUh+htKOUEOaiffhrAeqysfVGipDYzABqnCmw=
